// !$*UTF8*$!
{
	archiveVersion = 1;
	classes = {
	};
	objectVersion = 50;
	objects = {

/* Begin PBXBuildFile section */
		583ABEC6B2B5D4F9341A675E /* libPods-CommonProject.a in Frameworks */ = {isa = PBXBuildFile; fileRef = C0F721948C2BEF9BE0788FDB /* libPods-CommonProject.a */; };
		813A9804216C838F00107B63 /* Main.storyboard in Resources */ = {isa = PBXBuildFile; fileRef = 813A9802216C838F00107B63 /* Main.storyboard */; };
		813A9806216C839100107B63 /* Assets.xcassets in Resources */ = {isa = PBXBuildFile; fileRef = 813A9805216C839100107B63 /* Assets.xcassets */; };
		813A9809216C839100107B63 /* LaunchScreen.storyboard in Resources */ = {isa = PBXBuildFile; fileRef = 813A9807216C839100107B63 /* LaunchScreen.storyboard */; };
		813A9816216C839200107B63 /* CommonProjectTests.m in Sources */ = {isa = PBXBuildFile; fileRef = 813A9815216C839200107B63 /* CommonProjectTests.m */; };
		813A9821216C839200107B63 /* CommonProjectUITests.m in Sources */ = {isa = PBXBuildFile; fileRef = 813A9820216C839200107B63 /* CommonProjectUITests.m */; };
		813A9834216CAE1E00107B63 /* AppDelegate.m in Sources */ = {isa = PBXBuildFile; fileRef = 813A9830216CAE1E00107B63 /* AppDelegate.m */; };
		813A9835216CAE1E00107B63 /* main.m in Sources */ = {isa = PBXBuildFile; fileRef = 813A9832216CAE1E00107B63 /* main.m */; };
		813A9836216CAE1E00107B63 /* Info.plist in Resources */ = {isa = PBXBuildFile; fileRef = 813A9833216CAE1E00107B63 /* Info.plist */; };
		813A9845216CAFDD00107B63 /* TYPageControl.m in Sources */ = {isa = PBXBuildFile; fileRef = 813A983C216CAFDD00107B63 /* TYPageControl.m */; };
		813A9846216CAFDD00107B63 /* TYCyclePagerView.m in Sources */ = {isa = PBXBuildFile; fileRef = 813A983D216CAFDD00107B63 /* TYCyclePagerView.m */; };
		813A9847216CAFDD00107B63 /* TYCyclePagerTransformLayout.m in Sources */ = {isa = PBXBuildFile; fileRef = 813A983E216CAFDD00107B63 /* TYCyclePagerTransformLayout.m */; };
		813A9850216DDCDC00107B63 /* CNetWorkCache.m in Sources */ = {isa = PBXBuildFile; fileRef = 813A984F216DDCDC00107B63 /* CNetWorkCache.m */; };
/* End PBXBuildFile section */

/* Begin PBXContainerItemProxy section */
		813A9812216C839200107B63 /* PBXContainerItemProxy */ = {
			isa = PBXContainerItemProxy;
			containerPortal = 813A97F1216C838F00107B63 /* Project object */;
			proxyType = 1;
			remoteGlobalIDString = 813A97F8216C838F00107B63;
			remoteInfo = CommonProject;
		};
		813A981D216C839200107B63 /* PBXContainerItemProxy */ = {
			isa = PBXContainerItemProxy;
			containerPortal = 813A97F1216C838F00107B63 /* Project object */;
			proxyType = 1;
			remoteGlobalIDString = 813A97F8216C838F00107B63;
			remoteInfo = CommonProject;
		};
/* End PBXContainerItemProxy section */

/* Begin PBXFileReference section */
		1E21E05C9E1FD59E709088F3 /* Pods-CommonProject.release.xcconfig */ = {isa = PBXFileReference; includeInIndex = 1; lastKnownFileType = text.xcconfig; name = "Pods-CommonProject.release.xcconfig"; path = "Pods/Target Support Files/Pods-CommonProject/Pods-CommonProject.release.xcconfig"; sourceTree = "<group>"; };
		813A97F9216C838F00107B63 /* CommonProject.app */ = {isa = PBXFileReference; explicitFileType = wrapper.application; includeInIndex = 0; path = CommonProject.app; sourceTree = BUILT_PRODUCTS_DIR; };
		813A9803216C838F00107B63 /* Base */ = {isa = PBXFileReference; lastKnownFileType = file.storyboard; name = Base; path = Base.lproj/Main.storyboard; sourceTree = "<group>"; };
		813A9805216C839100107B63 /* Assets.xcassets */ = {isa = PBXFileReference; lastKnownFileType = folder.assetcatalog; path = Assets.xcassets; sourceTree = "<group>"; };
		813A9808216C839100107B63 /* Base */ = {isa = PBXFileReference; lastKnownFileType = file.storyboard; name = Base; path = Base.lproj/LaunchScreen.storyboard; sourceTree = "<group>"; };
		813A9811216C839200107B63 /* CommonProjectTests.xctest */ = {isa = PBXFileReference; explicitFileType = wrapper.cfbundle; includeInIndex = 0; path = CommonProjectTests.xctest; sourceTree = BUILT_PRODUCTS_DIR; };
		813A9815216C839200107B63 /* CommonProjectTests.m */ = {isa = PBXFileReference; lastKnownFileType = sourcecode.c.objc; path = CommonProjectTests.m; sourceTree = "<group>"; };
		813A9817216C839200107B63 /* Info.plist */ = {isa = PBXFileReference; lastKnownFileType = text.plist.xml; path = Info.plist; sourceTree = "<group>"; };
		813A981C216C839200107B63 /* CommonProjectUITests.xctest */ = {isa = PBXFileReference; explicitFileType = wrapper.cfbundle; includeInIndex = 0; path = CommonProjectUITests.xctest; sourceTree = BUILT_PRODUCTS_DIR; };
		813A9820216C839200107B63 /* CommonProjectUITests.m */ = {isa = PBXFileReference; lastKnownFileType = sourcecode.c.objc; path = CommonProjectUITests.m; sourceTree = "<group>"; };
		813A9822216C839200107B63 /* Info.plist */ = {isa = PBXFileReference; lastKnownFileType = text.plist.xml; path = Info.plist; sourceTree = "<group>"; };
		813A982F216CAE1E00107B63 /* AppDelegate.h */ = {isa = PBXFileReference; fileEncoding = 4; lastKnownFileType = sourcecode.c.h; path = AppDelegate.h; sourceTree = "<group>"; };
		813A9830216CAE1E00107B63 /* AppDelegate.m */ = {isa = PBXFileReference; fileEncoding = 4; lastKnownFileType = sourcecode.c.objc; path = AppDelegate.m; sourceTree = "<group>"; };
		813A9832216CAE1E00107B63 /* main.m */ = {isa = PBXFileReference; fileEncoding = 4; lastKnownFileType = sourcecode.c.objc; path = main.m; sourceTree = "<group>"; };
		813A9833216CAE1E00107B63 /* Info.plist */ = {isa = PBXFileReference; fileEncoding = 4; lastKnownFileType = text.plist.xml; path = Info.plist; sourceTree = "<group>"; };
		813A983A216CAFDD00107B63 /* TYCyclePagerView.h */ = {isa = PBXFileReference; fileEncoding = 4; lastKnownFileType = sourcecode.c.h; path = TYCyclePagerView.h; sourceTree = "<group>"; };
		813A983B216CAFDD00107B63 /* TYCyclePagerTransformLayout.h */ = {isa = PBXFileReference; fileEncoding = 4; lastKnownFileType = sourcecode.c.h; path = TYCyclePagerTransformLayout.h; sourceTree = "<group>"; };
		813A983C216CAFDD00107B63 /* TYPageControl.m */ = {isa = PBXFileReference; fileEncoding = 4; lastKnownFileType = sourcecode.c.objc; path = TYPageControl.m; sourceTree = "<group>"; };
		813A983D216CAFDD00107B63 /* TYCyclePagerView.m */ = {isa = PBXFileReference; fileEncoding = 4; lastKnownFileType = sourcecode.c.objc; path = TYCyclePagerView.m; sourceTree = "<group>"; };
		813A983E216CAFDD00107B63 /* TYCyclePagerTransformLayout.m */ = {isa = PBXFileReference; fileEncoding = 4; lastKnownFileType = sourcecode.c.objc; path = TYCyclePagerTransformLayout.m; sourceTree = "<group>"; };
		813A983F216CAFDD00107B63 /* TYPageControl.h */ = {isa = PBXFileReference; fileEncoding = 4; lastKnownFileType = sourcecode.c.h; path = TYPageControl.h; sourceTree = "<group>"; };
		813A984E216DDCDC00107B63 /* CNetWorkCache.h */ = {isa = PBXFileReference; lastKnownFileType = sourcecode.c.h; path = CNetWorkCache.h; sourceTree = "<group>"; };
		813A984F216DDCDC00107B63 /* CNetWorkCache.m */ = {isa = PBXFileReference; lastKnownFileType = sourcecode.c.objc; path = CNetWorkCache.m; sourceTree = "<group>"; };
		C0F721948C2BEF9BE0788FDB /* libPods-CommonProject.a */ = {isa = PBXFileReference; explicitFileType = archive.ar; includeInIndex = 0; path = "libPods-CommonProject.a"; sourceTree = BUILT_PRODUCTS_DIR; };
		F7DE5CE687AB7848CC4561E3 /* Pods-CommonProject.debug.xcconfig */ = {isa = PBXFileReference; includeInIndex = 1; lastKnownFileType = text.xcconfig; name = "Pods-CommonProject.debug.xcconfig"; path = "Pods/Target Support Files/Pods-CommonProject/Pods-CommonProject.debug.xcconfig"; sourceTree = "<group>"; };
/* End PBXFileReference section */

/* Begin PBXFrameworksBuildPhase section */
		813A97F6216C838F00107B63 /* Frameworks */ = {
			isa = PBXFrameworksBuildPhase;
			buildActionMask = 2147483647;
			files = (
				583ABEC6B2B5D4F9341A675E /* libPods-CommonProject.a in Frameworks */,
			);
			runOnlyForDeploymentPostprocessing = 0;
		};
		813A980E216C839200107B63 /* Frameworks */ = {
			isa = PBXFrameworksBuildPhase;
			buildActionMask = 2147483647;
			files = (
			);
			runOnlyForDeploymentPostprocessing = 0;
		};
		813A9819216C839200107B63 /* Frameworks */ = {
			isa = PBXFrameworksBuildPhase;
			buildActionMask = 2147483647;
			files = (
			);
			runOnlyForDeploymentPostprocessing = 0;
		};
/* End PBXFrameworksBuildPhase section */

/* Begin PBXGroup section */
		2650A3090E697790D08626D8 /* Pods */ = {
			isa = PBXGroup;
			children = (
				F7DE5CE687AB7848CC4561E3 /* Pods-CommonProject.debug.xcconfig */,
				1E21E05C9E1FD59E709088F3 /* Pods-CommonProject.release.xcconfig */,
			);
			name = Pods;
			sourceTree = "<group>";
		};
		813A97F0216C838F00107B63 = {
			isa = PBXGroup;
			children = (
				813A97FB216C838F00107B63 /* CommonProject */,
				813A9814216C839200107B63 /* CommonProjectTests */,
				813A981F216C839200107B63 /* CommonProjectUITests */,
				813A97FA216C838F00107B63 /* Products */,
				2650A3090E697790D08626D8 /* Pods */,
				FB488DB888BB625426ED06CF /* Frameworks */,
			);
			sourceTree = "<group>";
		};
		813A97FA216C838F00107B63 /* Products */ = {
			isa = PBXGroup;
			children = (
				813A97F9216C838F00107B63 /* CommonProject.app */,
				813A9811216C839200107B63 /* CommonProjectTests.xctest */,
				813A981C216C839200107B63 /* CommonProjectUITests.xctest */,
			);
			name = Products;
			sourceTree = "<group>";
		};
		813A97FB216C838F00107B63 /* CommonProject */ = {
			isa = PBXGroup;
			children = (
				813A9805216C839100107B63 /* Assets.xcassets */,
				813A982E216CAE1E00107B63 /* AppDelegate */,
				813A9837216CAFDD00107B63 /* BaseClass */,
				813A9842216CAFDD00107B63 /* Macros */,
				813A9843216CAFDD00107B63 /* Manager */,
				813A9840216CAFDD00107B63 /* Modules */,
				813A9841216CAFDD00107B63 /* Resource */,
				813A9831216CAE1E00107B63 /* SupportingFile */,
				813A9838216CAFDD00107B63 /* ThirdPartyLib */,
				813A9844216CAFDD00107B63 /* Utils */,
			);
			path = CommonProject;
			sourceTree = "<group>";
		};
		813A9814216C839200107B63 /* CommonProjectTests */ = {
			isa = PBXGroup;
			children = (
				813A9815216C839200107B63 /* CommonProjectTests.m */,
				813A9817216C839200107B63 /* Info.plist */,
			);
			path = CommonProjectTests;
			sourceTree = "<group>";
		};
		813A981F216C839200107B63 /* CommonProjectUITests */ = {
			isa = PBXGroup;
			children = (
				813A9820216C839200107B63 /* CommonProjectUITests.m */,
				813A9822216C839200107B63 /* Info.plist */,
			);
			path = CommonProjectUITests;
			sourceTree = "<group>";
		};
		813A982E216CAE1E00107B63 /* AppDelegate */ = {
			isa = PBXGroup;
			children = (
				813A982F216CAE1E00107B63 /* AppDelegate.h */,
				813A9830216CAE1E00107B63 /* AppDelegate.m */,
			);
			path = AppDelegate;
			sourceTree = "<group>";
		};
		813A9831216CAE1E00107B63 /* SupportingFile */ = {
			isa = PBXGroup;
			children = (
				813A9832216CAE1E00107B63 /* main.m */,
				813A9833216CAE1E00107B63 /* Info.plist */,
			);
			path = SupportingFile;
			sourceTree = "<group>";
		};
		813A9837216CAFDD00107B63 /* BaseClass */ = {
			isa = PBXGroup;
			children = (
				813A9807216C839100107B63 /* LaunchScreen.storyboard */,
				813A9802216C838F00107B63 /* Main.storyboard */,
			);
			path = BaseClass;
			sourceTree = "<group>";
		};
		813A9838216CAFDD00107B63 /* ThirdPartyLib */ = {
			isa = PBXGroup;
			children = (
				813A9839216CAFDD00107B63 /* TYCyclePagerView */,
			);
			path = ThirdPartyLib;
			sourceTree = "<group>";
		};
		813A9839216CAFDD00107B63 /* TYCyclePagerView */ = {
			isa = PBXGroup;
			children = (
				813A983A216CAFDD00107B63 /* TYCyclePagerView.h */,
				813A983B216CAFDD00107B63 /* TYCyclePagerTransformLayout.h */,
				813A983C216CAFDD00107B63 /* TYPageControl.m */,
				813A983D216CAFDD00107B63 /* TYCyclePagerView.m */,
				813A983E216CAFDD00107B63 /* TYCyclePagerTransformLayout.m */,
				813A983F216CAFDD00107B63 /* TYPageControl.h */,
			);
			path = TYCyclePagerView;
			sourceTree = "<group>";
		};
		813A9840216CAFDD00107B63 /* Modules */ = {
			isa = PBXGroup;
			children = (
				813A9848216CB12100107B63 /* ModuleExample */,
			);
			path = Modules;
			sourceTree = "<group>";
		};
		813A9841216CAFDD00107B63 /* Resource */ = {
			isa = PBXGroup;
			children = (
			);
			path = Resource;
			sourceTree = "<group>";
		};
		813A9842216CAFDD00107B63 /* Macros */ = {
			isa = PBXGroup;
			children = (
			);
			path = Macros;
			sourceTree = "<group>";
		};
		813A9843216CAFDD00107B63 /* Manager */ = {
			isa = PBXGroup;
			children = (
				813A984D216DDCA900107B63 /* CNetworkHelper */,
			);
			path = Manager;
			sourceTree = "<group>";
		};
		813A9844216CAFDD00107B63 /* Utils */ = {
			isa = PBXGroup;
			children = (
			);
			path = Utils;
			sourceTree = "<group>";
		};
		813A9848216CB12100107B63 /* ModuleExample */ = {
			isa = PBXGroup;
			children = (
				813A9849216CB12100107B63 /* Controller */,
				813A984A216CB12100107B63 /* Model */,
				813A984B216CB12100107B63 /* View */,
				813A984C216CB12100107B63 /* NetService */,
			);
			path = ModuleExample;
			sourceTree = "<group>";
		};
		813A9849216CB12100107B63 /* Controller */ = {
			isa = PBXGroup;
			children = (
			);
			path = Controller;
			sourceTree = "<group>";
		};
		813A984A216CB12100107B63 /* Model */ = {
			isa = PBXGroup;
			children = (
			);
			path = Model;
			sourceTree = "<group>";
		};
		813A984B216CB12100107B63 /* View */ = {
			isa = PBXGroup;
			children = (
			);
			path = View;
			sourceTree = "<group>";
		};
		813A984C216CB12100107B63 /* NetService */ = {
			isa = PBXGroup;
			children = (
			);
			path = NetService;
			sourceTree = "<group>";
		};
		813A984D216DDCA900107B63 /* CNetworkHelper */ = {
			isa = PBXGroup;
			children = (
				813A984E216DDCDC00107B63 /* CNetWorkCache.h */,
				813A984F216DDCDC00107B63 /* CNetWorkCache.m */,
			);
			path = CNetworkHelper;
			sourceTree = "<group>";
		};
		FB488DB888BB625426ED06CF /* Frameworks */ = {
			isa = PBXGroup;
			children = (
				C0F721948C2BEF9BE0788FDB /* libPods-CommonProject.a */,
			);
			name = Frameworks;
			sourceTree = "<group>";
		};
/* End PBXGroup section */

/* Begin PBXNativeTarget section */
		813A97F8216C838F00107B63 /* CommonProject */ = {
			isa = PBXNativeTarget;
			buildConfigurationList = 813A9825216C839200107B63 /* Build configuration list for PBXNativeTarget "CommonProject" */;
			buildPhases = (
				C3641288E754B711CEBDA03E /* [CP] Check Pods Manifest.lock */,
				813A97F5216C838F00107B63 /* Sources */,
				813A97F6216C838F00107B63 /* Frameworks */,
				813A97F7216C838F00107B63 /* Resources */,
				4CD1622AAEF20B9DE2809F44 /* [CP] Embed Pods Frameworks */,
				4413EA6332AE39238EA5354B /* [CP] Copy Pods Resources */,
			);
			buildRules = (
			);
			dependencies = (
			);
			name = CommonProject;
			productName = CommonProject;
			productReference = 813A97F9216C838F00107B63 /* CommonProject.app */;
			productType = "com.apple.product-type.application";
		};
		813A9810216C839200107B63 /* CommonProjectTests */ = {
			isa = PBXNativeTarget;
			buildConfigurationList = 813A9828216C839200107B63 /* Build configuration list for PBXNativeTarget "CommonProjectTests" */;
			buildPhases = (
				813A980D216C839200107B63 /* Sources */,
				813A980E216C839200107B63 /* Frameworks */,
				813A980F216C839200107B63 /* Resources */,
			);
			buildRules = (
			);
			dependencies = (
				813A9813216C839200107B63 /* PBXTargetDependency */,
			);
			name = CommonProjectTests;
			productName = CommonProjectTests;
			productReference = 813A9811216C839200107B63 /* CommonProjectTests.xctest */;
			productType = "com.apple.product-type.bundle.unit-test";
		};
		813A981B216C839200107B63 /* CommonProjectUITests */ = {
			isa = PBXNativeTarget;
			buildConfigurationList = 813A982B216C839200107B63 /* Build configuration list for PBXNativeTarget "CommonProjectUITests" */;
			buildPhases = (
				813A9818216C839200107B63 /* Sources */,
				813A9819216C839200107B63 /* Frameworks */,
				813A981A216C839200107B63 /* Resources */,
			);
			buildRules = (
			);
			dependencies = (
				813A981E216C839200107B63 /* PBXTargetDependency */,
			);
			name = CommonProjectUITests;
			productName = CommonProjectUITests;
			productReference = 813A981C216C839200107B63 /* CommonProjectUITests.xctest */;
			productType = "com.apple.product-type.bundle.ui-testing";
		};
/* End PBXNativeTarget section */

/* Begin PBXProject section */
		813A97F1216C838F00107B63 /* Project object */ = {
			isa = PBXProject;
			attributes = {
				LastUpgradeCheck = 1000;
				ORGANIZATIONNAME = ios;
				TargetAttributes = {
					813A97F8216C838F00107B63 = {
						CreatedOnToolsVersion = 10.0;
					};
					813A9810216C839200107B63 = {
						CreatedOnToolsVersion = 10.0;
						TestTargetID = 813A97F8216C838F00107B63;
					};
					813A981B216C839200107B63 = {
						CreatedOnToolsVersion = 10.0;
						TestTargetID = 813A97F8216C838F00107B63;
					};
				};
			};
			buildConfigurationList = 813A97F4216C838F00107B63 /* Build configuration list for PBXProject "CommonProject" */;
			compatibilityVersion = "Xcode 9.3";
			developmentRegion = en;
			hasScannedForEncodings = 0;
			knownRegions = (
				en,
				Base,
			);
			mainGroup = 813A97F0216C838F00107B63;
			productRefGroup = 813A97FA216C838F00107B63 /* Products */;
			projectDirPath = "";
			projectRoot = "";
			targets = (
				813A97F8216C838F00107B63 /* CommonProject */,
				813A9810216C839200107B63 /* CommonProjectTests */,
				813A981B216C839200107B63 /* CommonProjectUITests */,
			);
		};
/* End PBXProject section */

/* Begin PBXResourcesBuildPhase section */
		813A97F7216C838F00107B63 /* Resources */ = {
			isa = PBXResourcesBuildPhase;
			buildActionMask = 2147483647;
			files = (
				813A9836216CAE1E00107B63 /* Info.plist in Resources */,
				813A9809216C839100107B63 /* LaunchScreen.storyboard in Resources */,
				813A9806216C839100107B63 /* Assets.xcassets in Resources */,
				813A9804216C838F00107B63 /* Main.storyboard in Resources */,
			);
			runOnlyForDeploymentPostprocessing = 0;
		};
		813A980F216C839200107B63 /* Resources */ = {
			isa = PBXResourcesBuildPhase;
			buildActionMask = 2147483647;
			files = (
			);
			runOnlyForDeploymentPostprocessing = 0;
		};
		813A981A216C839200107B63 /* Resources */ = {
			isa = PBXResourcesBuildPhase;
			buildActionMask = 2147483647;
			files = (
			);
			runOnlyForDeploymentPostprocessing = 0;
		};
/* End PBXResourcesBuildPhase section */

/* Begin PBXShellScriptBuildPhase section */
		4413EA6332AE39238EA5354B /* [CP] Copy Pods Resources */ = {
			isa = PBXShellScriptBuildPhase;
			buildActionMask = 2147483647;
			files = (
			);
			inputFileListPaths = (
			);
			inputPaths = (
				"${SRCROOT}/Pods/Target Support Files/Pods-CommonProject/Pods-CommonProject-resources.sh",
				"${PODS_ROOT}/MJRefresh/MJRefresh/MJRefresh.bundle",
			);
			name = "[CP] Copy Pods Resources";
			outputFileListPaths = (
			);
			outputPaths = (
				"${TARGET_BUILD_DIR}/${UNLOCALIZED_RESOURCES_FOLDER_PATH}/MJRefresh.bundle",
			);
			runOnlyForDeploymentPostprocessing = 0;
			shellPath = /bin/sh;
			shellScript = "\"${SRCROOT}/Pods/Target Support Files/Pods-CommonProject/Pods-CommonProject-resources.sh\"\n";
			showEnvVarsInLog = 0;
		};
		4CD1622AAEF20B9DE2809F44 /* [CP] Embed Pods Frameworks */ = {
			isa = PBXShellScriptBuildPhase;
			buildActionMask = 2147483647;
			files = (
			);
			inputFileListPaths = (
			);
			inputPaths = (
			);
			name = "[CP] Embed Pods Frameworks";
			outputFileListPaths = (
			);
			outputPaths = (
			);
			runOnlyForDeploymentPostprocessing = 0;
			shellPath = /bin/sh;
			shellScript = "\"${SRCROOT}/Pods/Target Support Files/Pods-CommonProject/Pods-CommonProject-frameworks.sh\"\n";
			showEnvVarsInLog = 0;
		};
		C3641288E754B711CEBDA03E /* [CP] Check Pods Manifest.lock */ = {
			isa = PBXShellScriptBuildPhase;
			buildActionMask = 2147483647;
			files = (
			);
			inputFileListPaths = (
			);
			inputPaths = (
				"${PODS_PODFILE_DIR_PATH}/Podfile.lock",
				"${PODS_ROOT}/Manifest.lock",
			);
			name = "[CP] Check Pods Manifest.lock";
			outputFileListPaths = (
			);
			outputPaths = (
				"$(DERIVED_FILE_DIR)/Pods-CommonProject-checkManifestLockResult.txt",
			);
			runOnlyForDeploymentPostprocessing = 0;
			shellPath = /bin/sh;
			shellScript = "diff \"${PODS_PODFILE_DIR_PATH}/Podfile.lock\" \"${PODS_ROOT}/Manifest.lock\" > /dev/null\nif [ $? != 0 ] ; then\n    # print error to STDERR\n    echo \"error: The sandbox is not in sync with the Podfile.lock. Run 'pod install' or update your CocoaPods installation.\" >&2\n    exit 1\nfi\n# This output is used by Xcode 'outputs' to avoid re-running this script phase.\necho \"SUCCESS\" > \"${SCRIPT_OUTPUT_FILE_0}\"\n";
			showEnvVarsInLog = 0;
		};
/* End PBXShellScriptBuildPhase section */

/* Begin PBXSourcesBuildPhase section */
		813A97F5216C838F00107B63 /* Sources */ = {
			isa = PBXSourcesBuildPhase;
			buildActionMask = 2147483647;
			files = (
				813A9846216CAFDD00107B63 /* TYCyclePagerView.m in Sources */,
				813A9850216DDCDC00107B63 /* CNetWorkCache.m in Sources */,
				813A9835216CAE1E00107B63 /* main.m in Sources */,
				813A9845216CAFDD00107B63 /* TYPageControl.m in Sources */,
				813A9847216CAFDD00107B63 /* TYCyclePagerTransformLayout.m in Sources */,
				813A9834216CAE1E00107B63 /* AppDelegate.m in Sources */,
			);
			runOnlyForDeploymentPostprocessing = 0;
		};
		813A980D216C839200107B63 /* Sources */ = {
			isa = PBXSourcesBuildPhase;
			buildActionMask = 2147483647;
			files = (
				813A9816216C839200107B63 /* CommonProjectTests.m in Sources */,
			);
			runOnlyForDeploymentPostprocessing = 0;
		};
		813A9818216C839200107B63 /* Sources */ = {
			isa = PBXSourcesBuildPhase;
			buildActionMask = 2147483647;
			files = (
				813A9821216C839200107B63 /* CommonProjectUITests.m in Sources */,
			);
			runOnlyForDeploymentPostprocessing = 0;
		};
/* End PBXSourcesBuildPhase section */

/* Begin PBXTargetDependency section */
		813A9813216C839200107B63 /* PBXTargetDependency */ = {
			isa = PBXTargetDependency;
			target = 813A97F8216C838F00107B63 /* CommonProject */;
			targetProxy = 813A9812216C839200107B63 /* PBXContainerItemProxy */;
		};
		813A981E216C839200107B63 /* PBXTargetDependency */ = {
			isa = PBXTargetDependency;
			target = 813A97F8216C838F00107B63 /* CommonProject */;
			targetProxy = 813A981D216C839200107B63 /* PBXContainerItemProxy */;
		};
/* End PBXTargetDependency section */

/* Begin PBXVariantGroup section */
		813A9802216C838F00107B63 /* Main.storyboard */ = {
			isa = PBXVariantGroup;
			children = (
				813A9803216C838F00107B63 /* Base */,
			);
			name = Main.storyboard;
			sourceTree = "<group>";
		};
		813A9807216C839100107B63 /* LaunchScreen.storyboard */ = {
			isa = PBXVariantGroup;
			children = (
				813A9808216C839100107B63 /* Base */,
			);
			name = LaunchScreen.storyboard;
			sourceTree = "<group>";
		};
/* End PBXVariantGroup section */

/* Begin XCBuildConfiguration section */
		813A9823216C839200107B63 /* Debug */ = {
			isa = XCBuildConfiguration;
			buildSettings = {
				ALWAYS_SEARCH_USER_PATHS = NO;
				CLANG_ANALYZER_NONNULL = YES;
				CLANG_ANALYZER_NUMBER_OBJECT_CONVERSION = YES_AGGRESSIVE;
				CLANG_CXX_LANGUAGE_STANDARD = "gnu++14";
				CLANG_CXX_LIBRARY = "libc++";
				CLANG_ENABLE_MODULES = YES;
				CLANG_ENABLE_OBJC_ARC = YES;
				CLANG_ENABLE_OBJC_WEAK = YES;
				CLANG_WARN_BLOCK_CAPTURE_AUTORELEASING = YES;
				CLANG_WARN_BOOL_CONVERSION = YES;
				CLANG_WARN_COMMA = YES;
				CLANG_WARN_CONSTANT_CONVERSION = YES;
				CLANG_WARN_DEPRECATED_OBJC_IMPLEMENTATIONS = YES;
				CLANG_WARN_DIRECT_OBJC_ISA_USAGE = YES_ERROR;
				CLANG_WARN_DOCUMENTATION_COMMENTS = YES;
				CLANG_WARN_EMPTY_BODY = YES;
				CLANG_WARN_ENUM_CONVERSION = YES;
				CLANG_WARN_INFINITE_RECURSION = YES;
				CLANG_WARN_INT_CONVERSION = YES;
				CLANG_WARN_NON_LITERAL_NULL_CONVERSION = YES;
				CLANG_WARN_OBJC_IMPLICIT_RETAIN_SELF = YES;
				CLANG_WARN_OBJC_LITERAL_CONVERSION = YES;
				CLANG_WARN_OBJC_ROOT_CLASS = YES_ERROR;
				CLANG_WARN_RANGE_LOOP_ANALYSIS = YES;
				CLANG_WARN_STRICT_PROTOTYPES = YES;
				CLANG_WARN_SUSPICIOUS_MOVE = YES;
				CLANG_WARN_UNGUARDED_AVAILABILITY = YES_AGGRESSIVE;
				CLANG_WARN_UNREACHABLE_CODE = YES;
				CLANG_WARN__DUPLICATE_METHOD_MATCH = YES;
				CODE_SIGN_IDENTITY = "iPhone Developer";
				COPY_PHASE_STRIP = NO;
				DEBUG_INFORMATION_FORMAT = dwarf;
				ENABLE_STRICT_OBJC_MSGSEND = YES;
				ENABLE_TESTABILITY = YES;
				GCC_C_LANGUAGE_STANDARD = gnu11;
				GCC_DYNAMIC_NO_PIC = NO;
				GCC_NO_COMMON_BLOCKS = YES;
				GCC_OPTIMIZATION_LEVEL = 0;
				GCC_PREPROCESSOR_DEFINITIONS = (
					"DEBUG=1",
					"$(inherited)",
				);
				GCC_WARN_64_TO_32_BIT_CONVERSION = YES;
				GCC_WARN_ABOUT_RETURN_TYPE = YES_ERROR;
				GCC_WARN_UNDECLARED_SELECTOR = YES;
				GCC_WARN_UNINITIALIZED_AUTOS = YES_AGGRESSIVE;
				GCC_WARN_UNUSED_FUNCTION = YES;
				GCC_WARN_UNUSED_VARIABLE = YES;
				IPHONEOS_DEPLOYMENT_TARGET = 12.0;
				MTL_ENABLE_DEBUG_INFO = INCLUDE_SOURCE;
				MTL_FAST_MATH = YES;
				ONLY_ACTIVE_ARCH = YES;
				SDKROOT = iphoneos;
			};
			name = Debug;
		};
		813A9824216C839200107B63 /* Release */ = {
			isa = XCBuildConfiguration;
			buildSettings = {
				ALWAYS_SEARCH_USER_PATHS = NO;
				CLANG_ANALYZER_NONNULL = YES;
				CLANG_ANALYZER_NUMBER_OBJECT_CONVERSION = YES_AGGRESSIVE;
				CLANG_CXX_LANGUAGE_STANDARD = "gnu++14";
				CLANG_CXX_LIBRARY = "libc++";
				CLANG_ENABLE_MODULES = YES;
				CLANG_ENABLE_OBJC_ARC = YES;
				CLANG_ENABLE_OBJC_WEAK = YES;
				CLANG_WARN_BLOCK_CAPTURE_AUTORELEASING = YES;
				CLANG_WARN_BOOL_CONVERSION = YES;
				CLANG_WARN_COMMA = YES;
				CLANG_WARN_CONSTANT_CONVERSION = YES;
				CLANG_WARN_DEPRECATED_OBJC_IMPLEMENTATIONS = YES;
				CLANG_WARN_DIRECT_OBJC_ISA_USAGE = YES_ERROR;
				CLANG_WARN_DOCUMENTATION_COMMENTS = YES;
				CLANG_WARN_EMPTY_BODY = YES;
				CLANG_WARN_ENUM_CONVERSION = YES;
				CLANG_WARN_INFINITE_RECURSION = YES;
				CLANG_WARN_INT_CONVERSION = YES;
				CLANG_WARN_NON_LITERAL_NULL_CONVERSION = YES;
				CLANG_WARN_OBJC_IMPLICIT_RETAIN_SELF = YES;
				CLANG_WARN_OBJC_LITERAL_CONVERSION = YES;
				CLANG_WARN_OBJC_ROOT_CLASS = YES_ERROR;
				CLANG_WARN_RANGE_LOOP_ANALYSIS = YES;
				CLANG_WARN_STRICT_PROTOTYPES = YES;
				CLANG_WARN_SUSPICIOUS_MOVE = YES;
				CLANG_WARN_UNGUARDED_AVAILABILITY = YES_AGGRESSIVE;
				CLANG_WARN_UNREACHABLE_CODE = YES;
				CLANG_WARN__DUPLICATE_METHOD_MATCH = YES;
				CODE_SIGN_IDENTITY = "iPhone Developer";
				COPY_PHASE_STRIP = NO;
				DEBUG_INFORMATION_FORMAT = "dwarf-with-dsym";
				ENABLE_NS_ASSERTIONS = NO;
				ENABLE_STRICT_OBJC_MSGSEND = YES;
				GCC_C_LANGUAGE_STANDARD = gnu11;
				GCC_NO_COMMON_BLOCKS = YES;
				GCC_WARN_64_TO_32_BIT_CONVERSION = YES;
				GCC_WARN_ABOUT_RETURN_TYPE = YES_ERROR;
				GCC_WARN_UNDECLARED_SELECTOR = YES;
				GCC_WARN_UNINITIALIZED_AUTOS = YES_AGGRESSIVE;
				GCC_WARN_UNUSED_FUNCTION = YES;
				GCC_WARN_UNUSED_VARIABLE = YES;
				IPHONEOS_DEPLOYMENT_TARGET = 12.0;
				MTL_ENABLE_DEBUG_INFO = NO;
				MTL_FAST_MATH = YES;
				SDKROOT = iphoneos;
				VALIDATE_PRODUCT = YES;
			};
			name = Release;
		};
		813A9826216C839200107B63 /* Debug */ = {
			isa = XCBuildConfiguration;
			baseConfigurationReference = F7DE5CE687AB7848CC4561E3 /* Pods-CommonProject.debug.xcconfig */;
			buildSettings = {
				ASSETCATALOG_COMPILER_APPICON_NAME = AppIcon;
				CODE_SIGN_STYLE = Automatic;
				DEVELOPMENT_TEAM = 9YCAZ2B4X7;
				INFOPLIST_FILE = CommonProject/Info.plist;
				LD_RUNPATH_SEARCH_PATHS = (
					"$(inherited)",
					"@executable_path/Frameworks",
				);
				PRODUCT_BUNDLE_IDENTIFIER = com.wwc.www.CommonProject;
				PRODUCT_NAME = "$(TARGET_NAME)";
				TARGETED_DEVICE_FAMILY = "1,2";
			};
			name = Debug;
		};
		813A9827216C839200107B63 /* Release */ = {
			isa = XCBuildConfiguration;
			baseConfigurationReference = 1E21E05C9E1FD59E709088F3 /* Pods-CommonProject.release.xcconfig */;
			buildSettings = {
				ASSETCATALOG_COMPILER_APPICON_NAME = AppIcon;
				CODE_SIGN_STYLE = Automatic;
				DEVELOPMENT_TEAM = 9YCAZ2B4X7;
				INFOPLIST_FILE = CommonProject/Info.plist;
				LD_RUNPATH_SEARCH_PATHS = (
					"$(inherited)",
					"@executable_path/Frameworks",
				);
				PRODUCT_BUNDLE_IDENTIFIER = com.wwc.www.CommonProject;
				PRODUCT_NAME = "$(TARGET_NAME)";
				TARGETED_DEVICE_FAMILY = "1,2";
			};
			name = Release;
		};
		813A9829216C839200107B63 /* Debug */ = {
			isa = XCBuildConfiguration;
			buildSettings = {
				BUNDLE_LOADER = "$(TEST_HOST)";
				CODE_SIGN_STYLE = Automatic;
				INFOPLIST_FILE = CommonProjectTests/Info.plist;
				LD_RUNPATH_SEARCH_PATHS = (
					"$(inherited)",
					"@executable_path/Frameworks",
					"@loader_path/Frameworks",
				);
				PRODUCT_BUNDLE_IDENTIFIER = com.wwc.www.CommonProjectTests;
				PRODUCT_NAME = "$(TARGET_NAME)";
				TARGETED_DEVICE_FAMILY = "1,2";
				TEST_HOST = "$(BUILT_PRODUCTS_DIR)/CommonProject.app/CommonProject";
			};
			name = Debug;
		};
		813A982A216C839200107B63 /* Release */ = {
			isa = XCBuildConfiguration;
			buildSettings = {
				BUNDLE_LOADER = "$(TEST_HOST)";
				CODE_SIGN_STYLE = Automatic;
				INFOPLIST_FILE = CommonProjectTests/Info.plist;
				LD_RUNPATH_SEARCH_PATHS = (
					"$(inherited)",
					"@executable_path/Frameworks",
					"@loader_path/Frameworks",
				);
				PRODUCT_BUNDLE_IDENTIFIER = com.wwc.www.CommonProjectTests;
				PRODUCT_NAME = "$(TARGET_NAME)";
				TARGETED_DEVICE_FAMILY = "1,2";
				TEST_HOST = "$(BUILT_PRODUCTS_DIR)/CommonProject.app/CommonProject";
			};
			name = Release;
		};
		813A982C216C839200107B63 /* Debug */ = {
			isa = XCBuildConfiguration;
			buildSettings = {
				CODE_SIGN_STYLE = Automatic;
				INFOPLIST_FILE = CommonProjectUITests/Info.plist;
				LD_RUNPATH_SEARCH_PATHS = (
					"$(inherited)",
					"@executable_path/Frameworks",
					"@loader_path/Frameworks",
				);
				PRODUCT_BUNDLE_IDENTIFIER = com.wwc.www.CommonProjectUITests;
				PRODUCT_NAME = "$(TARGET_NAME)";
				TARGETED_DEVICE_FAMILY = "1,2";
				TEST_TARGET_NAME = CommonProject;
			};
			name = Debug;
		};
		813A982D216C839200107B63 /* Release */ = {
			isa = XCBuildConfiguration;
			buildSettings = {
				CODE_SIGN_STYLE = Automatic;
				INFOPLIST_FILE = CommonProjectUITests/Info.plist;
				LD_RUNPATH_SEARCH_PATHS = (
					"$(inherited)",
					"@executable_path/Frameworks",
					"@loader_path/Frameworks",
				);
				PRODUCT_BUNDLE_IDENTIFIER = com.wwc.www.CommonProjectUITests;
				PRODUCT_NAME = "$(TARGET_NAME)";
				TARGETED_DEVICE_FAMILY = "1,2";
				TEST_TARGET_NAME = CommonProject;
			};
			name = Release;
		};
/* End XCBuildConfiguration section */

/* Begin XCConfigurationList section */
		813A97F4216C838F00107B63 /* Build configuration list for PBXProject "CommonProject" */ = {
			isa = XCConfigurationList;
			buildConfigurations = (
				813A9823216C839200107B63 /* Debug */,
				813A9824216C839200107B63 /* Release */,
			);
			defaultConfigurationIsVisible = 0;
			defaultConfigurationName = Release;
		};
		813A9825216C839200107B63 /* Build configuration list for PBXNativeTarget "CommonProject" */ = {
			isa = XCConfigurationList;
			buildConfigurations = (
				813A9826216C839200107B63 /* Debug */,
				813A9827216C839200107B63 /* Release */,
			);
			defaultConfigurationIsVisible = 0;
			defaultConfigurationName = Release;
		};
		813A9828216C839200107B63 /* Build configuration list for PBXNativeTarget "CommonProjectTests" */ = {
			isa = XCConfigurationList;
			buildConfigurations = (
				813A9829216C839200107B63 /* Debug */,
				813A982A216C839200107B63 /* Release */,
			);
			defaultConfigurationIsVisible = 0;
			defaultConfigurationName = Release;
		};
		813A982B216C839200107B63 /* Build configuration list for PBXNativeTarget "CommonProjectUITests" */ = {
			isa = XCConfigurationList;
			buildConfigurations = (
				813A982C216C839200107B63 /* Debug */,
				813A982D216C839200107B63 /* Release */,
			);
			defaultConfigurationIsVisible = 0;
			defaultConfigurationName = Release;
		};
/* End XCConfigurationList section */
	};
	rootObject = 813A97F1216C838F00107B63 /* Project object */;
}
